
Microsoft Visual Studio Solution File, Format Version 12.00
# Visual Studio Version 17
VisualStudioVersion = 17.0.31903.59
MinimumVisualStudioVersion = 10.0.40219.1
Project("{2150E333-8FDC-42A3-9474-1A3956D46DE8}") = "src", "src", "{827E0CD3-B72D-47B6-A68D-7590B98EB39B}"
EndProject
Project("{FAE04EC0-301F-11D3-BF4B-00C04F79EFBC}") = "DwbHub.Api", "src\DwbHub.Api\DwbHub.Api.csproj", "{8F9F5838-B188-408D-83AC-6A80B0CB2A3F}"
EndProject
Project("{FAE04EC0-301F-11D3-BF4B-00C04F79EFBC}") = "DwbHub.Core", "src\DwbHub.Core\DwbHub.Core.csproj", "{0B6767E7-AA2A-4D50-AAAE-1144DADCDB45}"
EndProject
Project("{FAE04EC0-301F-11D3-BF4B-00C04F79EFBC}") = "DwbHub.Data", "src\DwbHub.Data\DwbHub.Data.csproj", "{887F317C-0DE1-46B9-892A-AFCCF58E2B25}"
EndProject
Project("{FAE04EC0-301F-11D3-BF4B-00C04F79EFBC}") = "DwbHub.Application", "src\DwbHub.Application\DwbHub.Application.csproj", "{BC588A8A-ED88-48C7-859B-166FEC0DA5C3}"
EndProject
Project("{FAE04EC0-301F-11D3-BF4B-00C04F79EFBC}") = "DwbHub.Bot", "src\DwbHub.Bot\DwbHub.Bot.csproj", "{EB46D1E8-C164-48FC-A5B0-EB2C4FB7AC8E}"
EndProject
Project("{FAE04EC0-301F-11D3-BF4B-00C04F79EFBC}") = "DwbHub.Infrastructure", "src\DwbHub.Infrastructure\DwbHub.Infrastructure.csproj", "{2357820E-3926-4D5C-9B21-C01DC6238DFC}"
EndProject
Project("{2150E333-8FDC-42A3-9474-1A3956D46DE8}") = "tests", "tests", "{0AB3BF05-4346-4AA6-1389-037BE0695223}"
EndProject
Project("{FAE04EC0-301F-11D3-BF4B-00C04F79EFBC}") = "DwbHub.Tests.Unit", "tests\DwbHub.Tests.Unit\DwbHub.Tests.Unit.csproj", "{356A3AE0-B24A-4FB3-9D29-D83161E3CA9E}"
EndProject
Project("{FAE04EC0-301F-11D3-BF4B-00C04F79EFBC}") = "DwbHub.Tests.Integration", "tests\DwbHub.Tests.Integration\DwbHub.Tests.Integration.csproj", "{4B14C2B7-1D1D-488F-B0D6-5ACCBB1AF2A6}"
EndProject
Project("{FAE04EC0-301F-11D3-BF4B-00C04F79EFBC}") = "DwbHub.Tests.Security", "tests\DwbHub.Tests.Security\DwbHub.Tests.Security.csproj", "{005B3F6F-19EC-4BE0-949C-767AB16A7386}"
EndProject
Global
	GlobalSection(SolutionConfigurationPlatforms) = preSolution
		Debug|Any CPU = Debug|Any CPU
		Debug|x64 = Debug|x64
		Debug|x86 = Debug|x86
		Release|Any CPU = Release|Any CPU
		Release|x64 = Release|x64
		Release|x86 = Release|x86
	EndGlobalSection
	GlobalSection(ProjectConfigurationPlatforms) = postSolution
		{8F9F5838-B188-408D-83AC-6A80B0CB2A3F}.Debug|Any CPU.ActiveCfg = Debug|Any CPU
		{8F9F5838-B188-408D-83AC-6A80B0CB2A3F}.Debug|Any CPU.Build.0 = Debug|Any CPU
		{8F9F5838-B188-408D-83AC-6A80B0CB2A3F}.Debug|x64.ActiveCfg = Debug|Any CPU
		{8F9F5838-B188-408D-83AC-6A80B0CB2A3F}.Debug|x64.Build.0 = Debug|Any CPU
		{8F9F5838-B188-408D-83AC-6A80B0CB2A3F}.Debug|x86.ActiveCfg = Debug|Any CPU
		{8F9F5838-B188-408D-83AC-6A80B0CB2A3F}.Debug|x86.Build.0 = Debug|Any CPU
		{8F9F5838-B188-408D-83AC-6A80B0CB2A3F}.Release|Any CPU.ActiveCfg = Release|Any CPU
		{8F9F5838-B188-408D-83AC-6A80B0CB2A3F}.Release|Any CPU.Build.0 = Release|Any CPU
		{8F9F5838-B188-408D-83AC-6A80B0CB2A3F}.Release|x64.ActiveCfg = Release|Any CPU
		{8F9F5838-B188-408D-83AC-6A80B0CB2A3F}.Release|x64.Build.0 = Release|Any CPU
		{8F9F5838-B188-408D-83AC-6A80B0CB2A3F}.Release|x86.ActiveCfg = Release|Any CPU
		{8F9F5838-B188-408D-83AC-6A80B0CB2A3F}.Release|x86.Build.0 = Release|Any CPU
		{0B6767E7-AA2A-4D50-AAAE-1144DADCDB45}.Debug|Any CPU.ActiveCfg = Debug|Any CPU
		{0B6767E7-AA2A-4D50-AAAE-1144DADCDB45}.Debug|Any CPU.Build.0 = Debug|Any CPU
		{0B6767E7-AA2A-4D50-AAAE-1144DADCDB45}.Debug|x64.ActiveCfg = Debug|Any CPU
		{0B6767E7-AA2A-4D50-AAAE-1144DADCDB45}.Debug|x64.Build.0 = Debug|Any CPU
		{0B6767E7-AA2A-4D50-AAAE-1144DADCDB45}.Debug|x86.ActiveCfg = Debug|Any CPU
		{0B6767E7-AA2A-4D50-AAAE-1144DADCDB45}.Debug|x86.Build.0 = Debug|Any CPU
		{0B6767E7-AA2A-4D50-AAAE-1144DADCDB45}.Release|Any CPU.ActiveCfg = Release|Any CPU
		{0B6767E7-AA2A-4D50-AAAE-1144DADCDB45}.Release|Any CPU.Build.0 = Release|Any CPU
		{0B6767E7-AA2A-4D50-AAAE-1144DADCDB45}.Release|x64.ActiveCfg = Release|Any CPU
		{0B6767E7-AA2A-4D50-AAAE-1144DADCDB45}.Release|x64.Build.0 = Release|Any CPU
		{0B6767E7-AA2A-4D50-AAAE-1144DADCDB45}.Release|x86.ActiveCfg = Release|Any CPU
		{0B6767E7-AA2A-4D50-AAAE-1144DADCDB45}.Release|x86.Build.0 = Release|Any CPU
		{887F317C-0DE1-46B9-892A-AFCCF58E2B25}.Debug|Any CPU.ActiveCfg = Debug|Any CPU
		{887F317C-0DE1-46B9-892A-AFCCF58E2B25}.Debug|Any CPU.Build.0 = Debug|Any CPU
		{887F317C-0DE1-46B9-892A-AFCCF58E2B25}.Debug|x64.ActiveCfg = Debug|Any CPU
		{887F317C-0DE1-46B9-892A-AFCCF58E2B25}.Debug|x64.Build.0 = Debug|Any CPU
		{887F317C-0DE1-46B9-892A-AFCCF58E2B25}.Debug|x86.ActiveCfg = Debug|Any CPU
		{887F317C-0DE1-46B9-892A-AFCCF58E2B25}.Debug|x86.Build.0 = Debug|Any CPU
		{887F317C-0DE1-46B9-892A-AFCCF58E2B25}.Release|Any CPU.ActiveCfg = Release|Any CPU
		{887F317C-0DE1-46B9-892A-AFCCF58E2B25}.Release|Any CPU.Build.0 = Release|Any CPU
		{887F317C-0DE1-46B9-892A-AFCCF58E2B25}.Release|x64.ActiveCfg = Release|Any CPU
		{887F317C-0DE1-46B9-892A-AFCCF58E2B25}.Release|x64.Build.0 = Release|Any CPU
		{887F317C-0DE1-46B9-892A-AFCCF58E2B25}.Release|x86.ActiveCfg = Release|Any CPU
		{887F317C-0DE1-46B9-892A-AFCCF58E2B25}.Release|x86.Build.0 = Release|Any CPU
		{BC588A8A-ED88-48C7-859B-166FEC0DA5C3}.Debug|Any CPU.ActiveCfg = Debug|Any CPU
		{BC588A8A-ED88-48C7-859B-166FEC0DA5C3}.Debug|Any CPU.Build.0 = Debug|Any CPU
		{BC588A8A-ED88-48C7-859B-166FEC0DA5C3}.Debug|x64.ActiveCfg = Debug|Any CPU
		{BC588A8A-ED88-48C7-859B-166FEC0DA5C3}.Debug|x64.Build.0 = Debug|Any CPU
		{BC588A8A-ED88-48C7-859B-166FEC0DA5C3}.Debug|x86.ActiveCfg = Debug|Any CPU
		{BC588A8A-ED88-48C7-859B-166FEC0DA5C3}.Debug|x86.Build.0 = Debug|Any CPU
		{BC588A8A-ED88-48C7-859B-166FEC0DA5C3}.Release|Any CPU.ActiveCfg = Release|Any CPU
		{BC588A8A-ED88-48C7-859B-166FEC0DA5C3}.Release|Any CPU.Build.0 = Release|Any CPU
		{BC588A8A-ED88-48C7-859B-166FEC0DA5C3}.Release|x64.ActiveCfg = Release|Any CPU
		{BC588A8A-ED88-48C7-859B-166FEC0DA5C3}.Release|x64.Build.0 = Release|Any CPU
		{BC588A8A-ED88-48C7-859B-166FEC0DA5C3}.Release|x86.ActiveCfg = Release|Any CPU
		{BC588A8A-ED88-48C7-859B-166FEC0DA5C3}.Release|x86.Build.0 = Release|Any CPU
		{EB46D1E8-C164-48FC-A5B0-EB2C4FB7AC8E}.Debug|Any CPU.ActiveCfg = Debug|Any CPU
		{EB46D1E8-C164-48FC-A5B0-EB2C4FB7AC8E}.Debug|Any CPU.Build.0 = Debug|Any CPU
		{EB46D1E8-C164-48FC-A5B0-EB2C4FB7AC8E}.Debug|x64.ActiveCfg = Debug|Any CPU
		{EB46D1E8-C164-48FC-A5B0-EB2C4FB7AC8E}.Debug|x64.Build.0 = Debug|Any CPU
		{EB46D1E8-C164-48FC-A5B0-EB2C4FB7AC8E}.Debug|x86.ActiveCfg = Debug|Any CPU
		{EB46D1E8-C164-48FC-A5B0-EB2C4FB7AC8E}.Debug|x86.Build.0 = Debug|Any CPU
		{EB46D1E8-C164-48FC-A5B0-EB2C4FB7AC8E}.Release|Any CPU.ActiveCfg = Release|Any CPU
		{EB46D1E8-C164-48FC-A5B0-EB2C4FB7AC8E}.Release|Any CPU.Build.0 = Release|Any CPU
		{EB46D1E8-C164-48FC-A5B0-EB2C4FB7AC8E}.Release|x64.ActiveCfg = Release|Any CPU
		{EB46D1E8-C164-48FC-A5B0-EB2C4FB7AC8E}.Release|x64.Build.0 = Release|Any CPU
		{EB46D1E8-C164-48FC-A5B0-EB2C4FB7AC8E}.Release|x86.ActiveCfg = Release|Any CPU
		{EB46D1E8-C164-48FC-A5B0-EB2C4FB7AC8E}.Release|x86.Build.0 = Release|Any CPU
		{2357820E-3926-4D5C-9B21-C01DC6238DFC}.Debug|Any CPU.ActiveCfg = Debug|Any CPU
		{2357820E-3926-4D5C-9B21-C01DC6238DFC}.Debug|Any CPU.Build.0 = Debug|Any CPU
		{2357820E-3926-4D5C-9B21-C01DC6238DFC}.Debug|x64.ActiveCfg = Debug|Any CPU
		{2357820E-3926-4D5C-9B21-C01DC6238DFC}.Debug|x64.Build.0 = Debug|Any CPU
		{2357820E-3926-4D5C-9B21-C01DC6238DFC}.Debug|x86.ActiveCfg = Debug|Any CPU
		{2357820E-3926-4D5C-9B21-C01DC6238DFC}.Debug|x86.Build.0 = Debug|Any CPU
		{2357820E-3926-4D5C-9B21-C01DC6238DFC}.Release|Any CPU.ActiveCfg = Release|Any CPU
		{2357820E-3926-4D5C-9B21-C01DC6238DFC}.Release|Any CPU.Build.0 = Release|Any CPU
		{2357820E-3926-4D5C-9B21-C01DC6238DFC}.Release|x64.ActiveCfg = Release|Any CPU
		{2357820E-3926-4D5C-9B21-C01DC6238DFC}.Release|x64.Build.0 = Release|Any CPU
		{2357820E-3926-4D5C-9B21-C01DC6238DFC}.Release|x86.ActiveCfg = Release|Any CPU
		{2357820E-3926-4D5C-9B21-C01DC6238DFC}.Release|x86.Build.0 = Release|Any CPU
		{356A3AE0-B24A-4FB3-9D29-D83161E3CA9E}.Debug|Any CPU.ActiveCfg = Debug|Any CPU
		{356A3AE0-B24A-4FB3-9D29-D83161E3CA9E}.Debug|Any CPU.Build.0 = Debug|Any CPU
		{356A3AE0-B24A-4FB3-9D29-D83161E3CA9E}.Debug|x64.ActiveCfg = Debug|Any CPU
		{356A3AE0-B24A-4FB3-9D29-D83161E3CA9E}.Debug|x64.Build.0 = Debug|Any CPU
		{356A3AE0-B24A-4FB3-9D29-D83161E3CA9E}.Debug|x86.ActiveCfg = Debug|Any CPU
		{356A3AE0-B24A-4FB3-9D29-D83161E3CA9E}.Debug|x86.Build.0 = Debug|Any CPU
		{356A3AE0-B24A-4FB3-9D29-D83161E3CA9E}.Release|Any CPU.ActiveCfg = Release|Any CPU
		{356A3AE0-B24A-4FB3-9D29-D83161E3CA9E}.Release|Any CPU.Build.0 = Release|Any CPU
		{356A3AE0-B24A-4FB3-9D29-D83161E3CA9E}.Release|x64.ActiveCfg = Release|Any CPU
		{356A3AE0-B24A-4FB3-9D29-D83161E3CA9E}.Release|x64.Build.0 = Release|Any CPU
		{356A3AE0-B24A-4FB3-9D29-D83161E3CA9E}.Release|x86.ActiveCfg = Release|Any CPU
		{356A3AE0-B24A-4FB3-9D29-D83161E3CA9E}.Release|x86.Build.0 = Release|Any CPU
		{4B14C2B7-1D1D-488F-B0D6-5ACCBB1AF2A6}.Debug|Any CPU.ActiveCfg = Debug|Any CPU
		{4B14C2B7-1D1D-488F-B0D6-5ACCBB1AF2A6}.Debug|Any CPU.Build.0 = Debug|Any CPU
		{4B14C2B7-1D1D-488F-B0D6-5ACCBB1AF2A6}.Debug|x64.ActiveCfg = Debug|Any CPU
		{4B14C2B7-1D1D-488F-B0D6-5ACCBB1AF2A6}.Debug|x64.Build.0 = Debug|Any CPU
		{4B14C2B7-1D1D-488F-B0D6-5ACCBB1AF2A6}.Debug|x86.ActiveCfg = Debug|Any CPU
		{4B14C2B7-1D1D-488F-B0D6-5ACCBB1AF2A6}.Debug|x86.Build.0 = Debug|Any CPU
		{4B14C2B7-1D1D-488F-B0D6-5ACCBB1AF2A6}.Release|Any CPU.ActiveCfg = Release|Any CPU
		{4B14C2B7-1D1D-488F-B0D6-5ACCBB1AF2A6}.Release|Any CPU.Build.0 = Release|Any CPU
		{4B14C2B7-1D1D-488F-B0D6-5ACCBB1AF2A6}.Release|x64.ActiveCfg = Release|Any CPU
		{4B14C2B7-1D1D-488F-B0D6-5ACCBB1AF2A6}.Release|x64.Build.0 = Release|Any CPU
		{4B14C2B7-1D1D-488F-B0D6-5ACCBB1AF2A6}.Release|x86.ActiveCfg = Release|Any CPU
		{4B14C2B7-1D1D-488F-B0D6-5ACCBB1AF2A6}.Release|x86.Build.0 = Release|Any CPU
		{005B3F6F-19EC-4BE0-949C-767AB16A7386}.Debug|Any CPU.ActiveCfg = Debug|Any CPU
		{005B3F6F-19EC-4BE0-949C-767AB16A7386}.Debug|Any CPU.Build.0 = Debug|Any CPU
		{005B3F6F-19EC-4BE0-949C-767AB16A7386}.Debug|x64.ActiveCfg = Debug|Any CPU
		{005B3F6F-19EC-4BE0-949C-767AB16A7386}.Debug|x64.Build.0 = Debug|Any CPU
		{005B3F6F-19EC-4BE0-949C-767AB16A7386}.Debug|x86.ActiveCfg = Debug|Any CPU
		{005B3F6F-19EC-4BE0-949C-767AB16A7386}.Debug|x86.Build.0 = Debug|Any CPU
		{005B3F6F-19EC-4BE0-949C-767AB16A7386}.Release|Any CPU.ActiveCfg = Release|Any CPU
		{005B3F6F-19EC-4BE0-949C-767AB16A7386}.Release|Any CPU.Build.0 = Release|Any CPU
		{005B3F6F-19EC-4BE0-949C-767AB16A7386}.Release|x64.ActiveCfg = Release|Any CPU
		{005B3F6F-19EC-4BE0-949C-767AB16A7386}.Release|x64.Build.0 = Release|Any CPU
		{005B3F6F-19EC-4BE0-949C-767AB16A7386}.Release|x86.ActiveCfg = Release|Any CPU
		{005B3F6F-19EC-4BE0-949C-767AB16A7386}.Release|x86.Build.0 = Release|Any CPU
	EndGlobalSection
	GlobalSection(SolutionProperties) = preSolution
		HideSolutionNode = FALSE
	EndGlobalSection
	GlobalSection(NestedProjects) = preSolution
		{8F9F5838-B188-408D-83AC-6A80B0CB2A3F} = {827E0CD3-B72D-47B6-A68D-7590B98EB39B}
		{0B6767E7-AA2A-4D50-AAAE-1144DADCDB45} = {827E0CD3-B72D-47B6-A68D-7590B98EB39B}
		{887F317C-0DE1-46B9-892A-AFCCF58E2B25} = {827E0CD3-B72D-47B6-A68D-7590B98EB39B}
		{BC588A8A-ED88-48C7-859B-166FEC0DA5C3} = {827E0CD3-B72D-47B6-A68D-7590B98EB39B}
		{EB46D1E8-C164-48FC-A5B0-EB2C4FB7AC8E} = {827E0CD3-B72D-47B6-A68D-7590B98EB39B}
		{2357820E-3926-4D5C-9B21-C01DC6238DFC} = {827E0CD3-B72D-47B6-A68D-7590B98EB39B}
		{356A3AE0-B24A-4FB3-9D29-D83161E3CA9E} = {0AB3BF05-4346-4AA6-1389-037BE0695223}
		{4B14C2B7-1D1D-488F-B0D6-5ACCBB1AF2A6} = {0AB3BF05-4346-4AA6-1389-037BE0695223}
		{005B3F6F-19EC-4BE0-949C-767AB16A7386} = {0AB3BF05-4346-4AA6-1389-037BE0695223}
	EndGlobalSection
EndGlobal
